
Microsoft Visual Studio Solution File, Format Version 12.00
# Visual Studio Version 17
VisualStudioVersion = 17.3.32901.215
MinimumVisualStudioVersion = 10.0.40219.1
Project("{FAE04EC0-301F-11D3-BF4B-00C04F79EFBC}") = "PinterestTest", "PinterestTest\PinterestTest.csproj", "{EFA497F4-EB7D-44AA-A84D-95DBB1CCFBED}"
EndProject
Global
	GlobalSection(SolutionConfigurationPlatforms) = preSolution
		Debug|Any CPU = Debug|Any CPU
		Release|Any CPU = Release|Any CPU
	EndGlobalSection
	GlobalSection(ProjectConfigurationPlatforms) = postSolution
		{EFA497F4-EB7D-44AA-A84D-95DBB1CCFBED}.Debug|Any CPU.ActiveCfg = Debug|Any CPU
		{EFA497F4-EB7D-44AA-A84D-95DBB1CCFBED}.Debug|Any CPU.Build.0 = Debug|Any CPU
		{EFA497F4-EB7D-44AA-A84D-95DBB1CCFBED}.Release|Any CPU.ActiveCfg = Release|Any CPU
		{EFA497F4-EB7D-44AA-A84D-95DBB1CCFBED}.Release|Any CPU.Build.0 = Release|Any CPU
	EndGlobalSection
	GlobalSection(SolutionProperties) = preSolution
		HideSolutionNode = FALSE
	EndGlobalSection
	GlobalSection(ExtensibilityGlobals) = postSolution
		SolutionGuid = {3649453D-B08B-469A-8F6B-7D0816D83B4A}
	EndGlobalSection
EndGlobal
